// !$*UTF8*$!
{
	archiveVersion = 1;
	classes = {
	};
	objectVersion = 50;
	objects = {

/* Begin PBXBuildFile section */
		8A1DDBF52105B9DA00657C10 /* defaultPhoto.png in Resources */ = {isa = PBXBuildFile; fileRef = 8A1DDBEF2105B9D900657C10 /* defaultPhoto.png */; };
		8A1DDBF62105B9DA00657C10 /* emptyStar.png in Resources */ = {isa = PBXBuildFile; fileRef = 8A1DDBF02105B9D900657C10 /* emptyStar.png */; };
		8A1DDBF72105B9DA00657C10 /* filledStar.png in Resources */ = {isa = PBXBuildFile; fileRef = 8A1DDBF12105B9D900657C10 /* filledStar.png */; };
		8A1DDBF82105B9DA00657C10 /* highlightedStar.png in Resources */ = {isa = PBXBuildFile; fileRef = 8A1DDBF22105B9D900657C10 /* highlightedStar.png */; };
		8A1DDBF92105B9DA00657C10 /* logo_movie.jpg in Resources */ = {isa = PBXBuildFile; fileRef = 8A1DDBF32105B9D900657C10 /* logo_movie.jpg */; };
		8A1DDBFA2105B9DA00657C10 /* person_count.png in Resources */ = {isa = PBXBuildFile; fileRef = 8A1DDBF42105B9D900657C10 /* person_count.png */; };
		8A1DDBFC2105FF9D00657C10 /* icon_movie.png in Resources */ = {isa = PBXBuildFile; fileRef = 8A1DDBFB2105FF9C00657C10 /* icon_movie.png */; };
		8A1DDC202107524100657C10 /* SearchSettingsControl.swift in Sources */ = {isa = PBXBuildFile; fileRef = 8A1DDC1F2107524100657C10 /* SearchSettingsControl.swift */; };
		8A225A1A20F6132B008D027D /* MoviesJson.swift in Sources */ = {isa = PBXBuildFile; fileRef = 8A225A1820F6132B008D027D /* MoviesJson.swift */; };
		8A225A1B20F6132B008D027D /* MovieResults.swift in Sources */ = {isa = PBXBuildFile; fileRef = 8A225A1920F6132B008D027D /* MovieResults.swift */; };
		8A49306B20F8A99B007E1E46 /* Constants.swift in Sources */ = {isa = PBXBuildFile; fileRef = 8A49306A20F8A99B007E1E46 /* Constants.swift */; };
		8A49306D20F8C193007E1E46 /* VoteControl.swift in Sources */ = {isa = PBXBuildFile; fileRef = 8A49306C20F8C193007E1E46 /* VoteControl.swift */; };
		8A49306F20FC8BCF007E1E46 /* LoadingAlert.swift in Sources */ = {isa = PBXBuildFile; fileRef = 8A49306E20FC8BCE007E1E46 /* LoadingAlert.swift */; };
		8A49309C20FE1E4E007E1E46 /* TheMovieHunter.xcdatamodeld in Sources */ = {isa = PBXBuildFile; fileRef = 8A49309A20FE1E4E007E1E46 /* TheMovieHunter.xcdatamodeld */; };
		8A4930A020FF2974007E1E46 /* GenresJson.swift in Sources */ = {isa = PBXBuildFile; fileRef = 8A49309F20FF2974007E1E46 /* GenresJson.swift */; };
		8A4930A220FF31CB007E1E46 /* MovieGenre.swift in Sources */ = {isa = PBXBuildFile; fileRef = 8A4930A120FF31CB007E1E46 /* MovieGenre.swift */; };
		8A4930A420FF5126007E1E46 /* CoreDataManager.swift in Sources */ = {isa = PBXBuildFile; fileRef = 8A4930A320FF5126007E1E46 /* CoreDataManager.swift */; };
		8A4930A620FF7981007E1E46 /* Utils.swift in Sources */ = {isa = PBXBuildFile; fileRef = 8A4930A520FF7980007E1E46 /* Utils.swift */; };
		8A4930A82100ABAD007E1E46 /* UrlManager.swift in Sources */ = {isa = PBXBuildFile; fileRef = 8A4930A72100ABAD007E1E46 /* UrlManager.swift */; };
		8A4930AD2100C2BC007E1E46 /* Localizable.strings in Resources */ = {isa = PBXBuildFile; fileRef = 8A4930AB2100C2BC007E1E46 /* Localizable.strings */; };
		8A9EF25320F34C6300188E69 /* AppDelegate.swift in Sources */ = {isa = PBXBuildFile; fileRef = 8A9EF25220F34C6300188E69 /* AppDelegate.swift */; };
		8A9EF25520F34C6300188E69 /* MovieViewController.swift in Sources */ = {isa = PBXBuildFile; fileRef = 8A9EF25420F34C6300188E69 /* MovieViewController.swift */; };
		8A9EF25820F34C6300188E69 /* Main.storyboard in Resources */ = {isa = PBXBuildFile; fileRef = 8A9EF25620F34C6300188E69 /* Main.storyboard */; };
		8A9EF25A20F34C6400188E69 /* Assets.xcassets in Resources */ = {isa = PBXBuildFile; fileRef = 8A9EF25920F34C6400188E69 /* Assets.xcassets */; };
		8A9EF25D20F34C6400188E69 /* LaunchScreen.storyboard in Resources */ = {isa = PBXBuildFile; fileRef = 8A9EF25B20F34C6400188E69 /* LaunchScreen.storyboard */; };
		8A9EF26920F34DD500188E69 /* RealmManager.swift in Sources */ = {isa = PBXBuildFile; fileRef = 8A9EF26620F34DD500188E69 /* RealmManager.swift */; };
		8A9EF27320F34F0E00188E69 /* MovieTableViewCell.swift in Sources */ = {isa = PBXBuildFile; fileRef = 8A9EF27220F34F0E00188E69 /* MovieTableViewCell.swift */; };
		8A9EF27520F3531100188E69 /* MovieTableViewController.swift in Sources */ = {isa = PBXBuildFile; fileRef = 8A9EF27420F3531000188E69 /* MovieTableViewController.swift */; };
		8AF9ACA62109F59F00C42B03 /* GenresControl.swift in Sources */ = {isa = PBXBuildFile; fileRef = 8AF9ACA52109F59F00C42B03 /* GenresControl.swift */; };
		8AF9ACA8210B54D500C42B03 /* SearchSettingsControl1.swift in Sources */ = {isa = PBXBuildFile; fileRef = 8AF9ACA7210B54D500C42B03 /* SearchSettingsControl1.swift */; };
		8AF9ACAA210B966200C42B03 /* GenresControl1.swift in Sources */ = {isa = PBXBuildFile; fileRef = 8AF9ACA9210B966200C42B03 /* GenresControl1.swift */; };
		8AF9ACAE210F23D300C42B03 /* SearchSettingsViewController.swift in Sources */ = {isa = PBXBuildFile; fileRef = 8AF9ACAD210F23D300C42B03 /* SearchSettingsViewController.swift */; };
		8AF9ACB02110513600C42B03 /* GenreTableViewCell.swift in Sources */ = {isa = PBXBuildFile; fileRef = 8AF9ACAF2110513600C42B03 /* GenreTableViewCell.swift */; };
		8AF9ACB221106CD100C42B03 /* icon_settings.png in Resources */ = {isa = PBXBuildFile; fileRef = 8AF9ACB121106CD000C42B03 /* icon_settings.png */; };
		8AF9ACB42110A65100C42B03 /* icon_settings_1x.png in Resources */ = {isa = PBXBuildFile; fileRef = 8AF9ACB32110A65000C42B03 /* icon_settings_1x.png */; };
		8AF9ACB62110AF8100C42B03 /* icon_movie_tabbar.png in Resources */ = {isa = PBXBuildFile; fileRef = 8AF9ACB52110AF8100C42B03 /* icon_movie_tabbar.png */; };
		A7E007DAF91C96746560C14A /* Pods_TheMovieHunter.framework in Frameworks */ = {isa = PBXBuildFile; fileRef = 44B2E04F5C60697228B58389 /* Pods_TheMovieHunter.framework */; };
/* End PBXBuildFile section */

/* Begin PBXFileReference section */
		44B2E04F5C60697228B58389 /* Pods_TheMovieHunter.framework */ = {isa = PBXFileReference; explicitFileType = wrapper.framework; includeInIndex = 0; path = Pods_TheMovieHunter.framework; sourceTree = BUILT_PRODUCTS_DIR; };
		81538CDFED7591E172EDA10D /* Pods-TheMovieHunter.debug.xcconfig */ = {isa = PBXFileReference; includeInIndex = 1; lastKnownFileType = text.xcconfig; name = "Pods-TheMovieHunter.debug.xcconfig"; path = "Pods/Target Support Files/Pods-TheMovieHunter/Pods-TheMovieHunter.debug.xcconfig"; sourceTree = "<group>"; };
		8A1DDBEF2105B9D900657C10 /* defaultPhoto.png */ = {isa = PBXFileReference; lastKnownFileType = image.png; path = defaultPhoto.png; sourceTree = "<group>"; };
		8A1DDBF02105B9D900657C10 /* emptyStar.png */ = {isa = PBXFileReference; lastKnownFileType = image.png; path = emptyStar.png; sourceTree = "<group>"; };
		8A1DDBF12105B9D900657C10 /* filledStar.png */ = {isa = PBXFileReference; lastKnownFileType = image.png; path = filledStar.png; sourceTree = "<group>"; };
		8A1DDBF22105B9D900657C10 /* highlightedStar.png */ = {isa = PBXFileReference; lastKnownFileType = image.png; path = highlightedStar.png; sourceTree = "<group>"; };
		8A1DDBF32105B9D900657C10 /* logo_movie.jpg */ = {isa = PBXFileReference; lastKnownFileType = image.jpeg; path = logo_movie.jpg; sourceTree = "<group>"; };
		8A1DDBF42105B9D900657C10 /* person_count.png */ = {isa = PBXFileReference; lastKnownFileType = image.png; path = person_count.png; sourceTree = "<group>"; };
		8A1DDBFB2105FF9C00657C10 /* icon_movie.png */ = {isa = PBXFileReference; lastKnownFileType = image.png; path = icon_movie.png; sourceTree = "<group>"; };
		8A1DDC1F2107524100657C10 /* SearchSettingsControl.swift */ = {isa = PBXFileReference; lastKnownFileType = sourcecode.swift; path = SearchSettingsControl.swift; sourceTree = "<group>"; };
		8A225A1820F6132B008D027D /* MoviesJson.swift */ = {isa = PBXFileReference; fileEncoding = 4; lastKnownFileType = sourcecode.swift; path = MoviesJson.swift; sourceTree = "<group>"; };
		8A225A1920F6132B008D027D /* MovieResults.swift */ = {isa = PBXFileReference; fileEncoding = 4; lastKnownFileType = sourcecode.swift; path = MovieResults.swift; sourceTree = "<group>"; };
		8A49306A20F8A99B007E1E46 /* Constants.swift */ = {isa = PBXFileReference; lastKnownFileType = sourcecode.swift; path = Constants.swift; sourceTree = "<group>"; };
		8A49306C20F8C193007E1E46 /* VoteControl.swift */ = {isa = PBXFileReference; lastKnownFileType = sourcecode.swift; name = VoteControl.swift; path = TheMovieHunter/CustomViews/VoteControl.swift; sourceTree = SOURCE_ROOT; };
		8A49306E20FC8BCE007E1E46 /* LoadingAlert.swift */ = {isa = PBXFileReference; fileEncoding = 4; lastKnownFileType = sourcecode.swift; path = LoadingAlert.swift; sourceTree = "<group>"; };
		8A49309B20FE1E4E007E1E46 /* TheMovieHunter.xcdatamodel */ = {isa = PBXFileReference; lastKnownFileType = wrapper.xcdatamodel; path = TheMovieHunter.xcdatamodel; sourceTree = "<group>"; };
		8A49309F20FF2974007E1E46 /* GenresJson.swift */ = {isa = PBXFileReference; lastKnownFileType = sourcecode.swift; path = GenresJson.swift; sourceTree = "<group>"; };
		8A4930A120FF31CB007E1E46 /* MovieGenre.swift */ = {isa = PBXFileReference; fileEncoding = 4; lastKnownFileType = sourcecode.swift; path = MovieGenre.swift; sourceTree = "<group>"; };
		8A4930A320FF5126007E1E46 /* CoreDataManager.swift */ = {isa = PBXFileReference; lastKnownFileType = sourcecode.swift; path = CoreDataManager.swift; sourceTree = "<group>"; };
		8A4930A520FF7980007E1E46 /* Utils.swift */ = {isa = PBXFileReference; lastKnownFileType = sourcecode.swift; path = Utils.swift; sourceTree = "<group>"; };
		8A4930A72100ABAD007E1E46 /* UrlManager.swift */ = {isa = PBXFileReference; lastKnownFileType = sourcecode.swift; path = UrlManager.swift; sourceTree = "<group>"; };
		8A4930AA2100BB69007E1E46 /* en */ = {isa = PBXFileReference; lastKnownFileType = text.plist.strings; name = en; path = en.lproj/Main.strings; sourceTree = "<group>"; };
		8A4930AC2100C2BC007E1E46 /* en */ = {isa = PBXFileReference; lastKnownFileType = text.plist.strings; name = en; path = TheMovieHunter/en.lproj/Localizable.strings; sourceTree = "<group>"; };
		8A4930AE2100C441007E1E46 /* fr */ = {isa = PBXFileReference; lastKnownFileType = text.plist.strings; name = fr; path = fr.lproj/Main.strings; sourceTree = "<group>"; };
		8A4930AF2100C441007E1E46 /* fr */ = {isa = PBXFileReference; lastKnownFileType = text.plist.strings; name = fr; path = fr.lproj/LaunchScreen.strings; sourceTree = "<group>"; };
		8A4930B02100C442007E1E46 /* fr */ = {isa = PBXFileReference; lastKnownFileType = text.plist.strings; name = fr; path = TheMovieHunter/fr.lproj/Localizable.strings; sourceTree = "<group>"; };
		8A9EF24F20F34C6300188E69 /* TheMovieHunter.app */ = {isa = PBXFileReference; explicitFileType = wrapper.application; includeInIndex = 0; path = TheMovieHunter.app; sourceTree = BUILT_PRODUCTS_DIR; };
		8A9EF25220F34C6300188E69 /* AppDelegate.swift */ = {isa = PBXFileReference; lastKnownFileType = sourcecode.swift; path = AppDelegate.swift; sourceTree = "<group>"; };
		8A9EF25420F34C6300188E69 /* MovieViewController.swift */ = {isa = PBXFileReference; lastKnownFileType = sourcecode.swift; path = MovieViewController.swift; sourceTree = "<group>"; };
		8A9EF25720F34C6300188E69 /* Base */ = {isa = PBXFileReference; lastKnownFileType = file.storyboard; name = Base; path = Base.lproj/Main.storyboard; sourceTree = "<group>"; };
		8A9EF25920F34C6400188E69 /* Assets.xcassets */ = {isa = PBXFileReference; lastKnownFileType = folder.assetcatalog; path = Assets.xcassets; sourceTree = "<group>"; };
		8A9EF25C20F34C6400188E69 /* Base */ = {isa = PBXFileReference; lastKnownFileType = file.storyboard; name = Base; path = Base.lproj/LaunchScreen.storyboard; sourceTree = "<group>"; };
		8A9EF25E20F34C6400188E69 /* Info.plist */ = {isa = PBXFileReference; lastKnownFileType = text.plist.xml; path = Info.plist; sourceTree = "<group>"; };
		8A9EF26620F34DD500188E69 /* RealmManager.swift */ = {isa = PBXFileReference; fileEncoding = 4; lastKnownFileType = sourcecode.swift; path = RealmManager.swift; sourceTree = "<group>"; };
		8A9EF27220F34F0E00188E69 /* MovieTableViewCell.swift */ = {isa = PBXFileReference; lastKnownFileType = sourcecode.swift; path = MovieTableViewCell.swift; sourceTree = "<group>"; };
		8A9EF27420F3531000188E69 /* MovieTableViewController.swift */ = {isa = PBXFileReference; lastKnownFileType = sourcecode.swift; path = MovieTableViewController.swift; sourceTree = "<group>"; };
		8AF9ACA52109F59F00C42B03 /* GenresControl.swift */ = {isa = PBXFileReference; lastKnownFileType = sourcecode.swift; path = GenresControl.swift; sourceTree = "<group>"; };
		8AF9ACA7210B54D500C42B03 /* SearchSettingsControl1.swift */ = {isa = PBXFileReference; lastKnownFileType = sourcecode.swift; path = SearchSettingsControl1.swift; sourceTree = "<group>"; };
		8AF9ACA9210B966200C42B03 /* GenresControl1.swift */ = {isa = PBXFileReference; lastKnownFileType = sourcecode.swift; path = GenresControl1.swift; sourceTree = "<group>"; };
		8AF9ACAD210F23D300C42B03 /* SearchSettingsViewController.swift */ = {isa = PBXFileReference; lastKnownFileType = sourcecode.swift; path = SearchSettingsViewController.swift; sourceTree = "<group>"; };
		8AF9ACAF2110513600C42B03 /* GenreTableViewCell.swift */ = {isa = PBXFileReference; lastKnownFileType = sourcecode.swift; path = GenreTableViewCell.swift; sourceTree = "<group>"; };
		8AF9ACB121106CD000C42B03 /* icon_settings.png */ = {isa = PBXFileReference; lastKnownFileType = image.png; path = icon_settings.png; sourceTree = "<group>"; };
		8AF9ACB32110A65000C42B03 /* icon_settings_1x.png */ = {isa = PBXFileReference; lastKnownFileType = image.png; path = icon_settings_1x.png; sourceTree = "<group>"; };
		8AF9ACB52110AF8100C42B03 /* icon_movie_tabbar.png */ = {isa = PBXFileReference; lastKnownFileType = image.png; path = icon_movie_tabbar.png; sourceTree = "<group>"; };
		FFB491E79C592BA978496EE9 /* Pods-TheMovieHunter.release.xcconfig */ = {isa = PBXFileReference; includeInIndex = 1; lastKnownFileType = text.xcconfig; name = "Pods-TheMovieHunter.release.xcconfig"; path = "Pods/Target Support Files/Pods-TheMovieHunter/Pods-TheMovieHunter.release.xcconfig"; sourceTree = "<group>"; };
/* End PBXFileReference section */

/* Begin PBXFrameworksBuildPhase section */
		8A9EF24C20F34C6300188E69 /* Frameworks */ = {
			isa = PBXFrameworksBuildPhase;
			buildActionMask = 2147483647;
			files = (
				A7E007DAF91C96746560C14A /* Pods_TheMovieHunter.framework in Frameworks */,
			);
			runOnlyForDeploymentPostprocessing = 0;
		};
/* End PBXFrameworksBuildPhase section */

/* Begin PBXGroup section */
		151B433ACF6A3245EA9A51C6 /* Pods */ = {
			isa = PBXGroup;
			children = (
				81538CDFED7591E172EDA10D /* Pods-TheMovieHunter.debug.xcconfig */,
				FFB491E79C592BA978496EE9 /* Pods-TheMovieHunter.release.xcconfig */,
			);
			name = Pods;
			sourceTree = "<group>";
		};
		8A1DDBEE2105B9D900657C10 /* Images */ = {
			isa = PBXGroup;
			children = (
				8AF9ACB52110AF8100C42B03 /* icon_movie_tabbar.png */,
				8AF9ACB32110A65000C42B03 /* icon_settings_1x.png */,
				8AF9ACB121106CD000C42B03 /* icon_settings.png */,
				8A1DDBFB2105FF9C00657C10 /* icon_movie.png */,
				8A1DDBEF2105B9D900657C10 /* defaultPhoto.png */,
				8A1DDBF02105B9D900657C10 /* emptyStar.png */,
				8A1DDBF12105B9D900657C10 /* filledStar.png */,
				8A1DDBF22105B9D900657C10 /* highlightedStar.png */,
				8A1DDBF32105B9D900657C10 /* logo_movie.jpg */,
				8A1DDBF42105B9D900657C10 /* person_count.png */,
			);
			name = Images;
			path = TheMovieHunter/Images;
			sourceTree = "<group>";
		};
		8A1DDC1E210751FD00657C10 /* CustomViews */ = {
			isa = PBXGroup;
			children = (
				8A49306C20F8C193007E1E46 /* VoteControl.swift */,
				8A49306E20FC8BCE007E1E46 /* LoadingAlert.swift */,
				8A1DDC1F2107524100657C10 /* SearchSettingsControl.swift */,
				8AF9ACA7210B54D500C42B03 /* SearchSettingsControl1.swift */,
				8AF9ACA52109F59F00C42B03 /* GenresControl.swift */,
				8AF9ACA9210B966200C42B03 /* GenresControl1.swift */,
				8AF9ACAF2110513600C42B03 /* GenreTableViewCell.swift */,
			);
			path = CustomViews;
			sourceTree = "<group>";
		};
		8A9EF24620F34C6300188E69 = {
			isa = PBXGroup;
			children = (
				8A1DDBEE2105B9D900657C10 /* Images */,
				8A4930AB2100C2BC007E1E46 /* Localizable.strings */,
				8A49309A20FE1E4E007E1E46 /* TheMovieHunter.xcdatamodeld */,
				8A9EF25120F34C6300188E69 /* TheMovieHunter */,
				8A9EF25020F34C6300188E69 /* Products */,
				151B433ACF6A3245EA9A51C6 /* Pods */,
				8F3888AE59975513AA25F566 /* Frameworks */,
			);
			sourceTree = "<group>";
		};
		8A9EF25020F34C6300188E69 /* Products */ = {
			isa = PBXGroup;
			children = (
				8A9EF24F20F34C6300188E69 /* TheMovieHunter.app */,
			);
			name = Products;
			sourceTree = "<group>";
		};
		8A9EF25120F34C6300188E69 /* TheMovieHunter */ = {
			isa = PBXGroup;
			children = (
				8A1DDC1E210751FD00657C10 /* CustomViews */,
				8A9EF26B20F34DDF00188E69 /* Models */,
				8A9EF26420F34DD500188E69 /* Api */,
				8A9EF25220F34C6300188E69 /* AppDelegate.swift */,
				8A9EF27220F34F0E00188E69 /* MovieTableViewCell.swift */,
				8A9EF27420F3531000188E69 /* MovieTableViewController.swift */,
				8A9EF25420F34C6300188E69 /* MovieViewController.swift */,
				8AF9ACAD210F23D300C42B03 /* SearchSettingsViewController.swift */,
				8A9EF25620F34C6300188E69 /* Main.storyboard */,
				8A9EF25920F34C6400188E69 /* Assets.xcassets */,
				8A9EF25B20F34C6400188E69 /* LaunchScreen.storyboard */,
				8A9EF25E20F34C6400188E69 /* Info.plist */,
				8A49306A20F8A99B007E1E46 /* Constants.swift */,
			);
			path = TheMovieHunter;
			sourceTree = "<group>";
		};
		8A9EF26420F34DD500188E69 /* Api */ = {
			isa = PBXGroup;
			children = (
				8A9EF26620F34DD500188E69 /* RealmManager.swift */,
				8A4930A320FF5126007E1E46 /* CoreDataManager.swift */,
				8A4930A520FF7980007E1E46 /* Utils.swift */,
				8A4930A72100ABAD007E1E46 /* UrlManager.swift */,
			);
			path = Api;
			sourceTree = "<group>";
		};
		8A9EF26B20F34DDF00188E69 /* Models */ = {
			isa = PBXGroup;
			children = (
				8A4930A120FF31CB007E1E46 /* MovieGenre.swift */,
				8A225A1820F6132B008D027D /* MoviesJson.swift */,
				8A225A1920F6132B008D027D /* MovieResults.swift */,
				8A49309F20FF2974007E1E46 /* GenresJson.swift */,
			);
			path = Models;
			sourceTree = "<group>";
		};
		8F3888AE59975513AA25F566 /* Frameworks */ = {
			isa = PBXGroup;
			children = (
				44B2E04F5C60697228B58389 /* Pods_TheMovieHunter.framework */,
			);
			name = Frameworks;
			sourceTree = "<group>";
		};
/* End PBXGroup section */

/* Begin PBXNativeTarget section */
		8A9EF24E20F34C6300188E69 /* TheMovieHunter */ = {
			isa = PBXNativeTarget;
			buildConfigurationList = 8A9EF26120F34C6400188E69 /* Build configuration list for PBXNativeTarget "TheMovieHunter" */;
			buildPhases = (
				385E0A1C1F993F8FC3E40A15 /* [CP] Check Pods Manifest.lock */,
				8A9EF24B20F34C6300188E69 /* Sources */,
				8A9EF24C20F34C6300188E69 /* Frameworks */,
				8A9EF24D20F34C6300188E69 /* Resources */,
				B1CFC02C0BCEE8AD41ED11C6 /* [CP] Embed Pods Frameworks */,
				8A1DDBED2101E12900657C10 /* ShellScript */,
			);
			buildRules = (
			);
			dependencies = (
			);
			name = TheMovieHunter;
			productName = TheMovieHunter;
			productReference = 8A9EF24F20F34C6300188E69 /* TheMovieHunter.app */;
			productType = "com.apple.product-type.application";
		};
/* End PBXNativeTarget section */

/* Begin PBXProject section */
		8A9EF24720F34C6300188E69 /* Project object */ = {
			isa = PBXProject;
			attributes = {
				LastSwiftUpdateCheck = 0940;
				LastUpgradeCheck = 0940;
				ORGANIZATIONNAME = "ws-013-11b";
				TargetAttributes = {
					8A9EF24E20F34C6300188E69 = {
						CreatedOnToolsVersion = 9.4.1;
					};
				};
			};
			buildConfigurationList = 8A9EF24A20F34C6300188E69 /* Build configuration list for PBXProject "TheMovieHunter" */;
			compatibilityVersion = "Xcode 9.3";
			developmentRegion = en;
			hasScannedForEncodings = 0;
			knownRegions = (
				en,
				Base,
				fr,
			);
			mainGroup = 8A9EF24620F34C6300188E69;
			productRefGroup = 8A9EF25020F34C6300188E69 /* Products */;
			projectDirPath = "";
			projectRoot = "";
			targets = (
				8A9EF24E20F34C6300188E69 /* TheMovieHunter */,
			);
		};
/* End PBXProject section */

/* Begin PBXResourcesBuildPhase section */
		8A9EF24D20F34C6300188E69 /* Resources */ = {
			isa = PBXResourcesBuildPhase;
			buildActionMask = 2147483647;
			files = (
				8A1DDBF52105B9DA00657C10 /* defaultPhoto.png in Resources */,
				8AF9ACB221106CD100C42B03 /* icon_settings.png in Resources */,
				8A1DDBF82105B9DA00657C10 /* highlightedStar.png in Resources */,
				8A1DDBF62105B9DA00657C10 /* emptyStar.png in Resources */,
				8A9EF25D20F34C6400188E69 /* LaunchScreen.storyboard in Resources */,
				8A4930AD2100C2BC007E1E46 /* Localizable.strings in Resources */,
				8A9EF25A20F34C6400188E69 /* Assets.xcassets in Resources */,
				8A1DDBFA2105B9DA00657C10 /* person_count.png in Resources */,
				8AF9ACB42110A65100C42B03 /* icon_settings_1x.png in Resources */,
				8A1DDBF92105B9DA00657C10 /* logo_movie.jpg in Resources */,
				8A1DDBF72105B9DA00657C10 /* filledStar.png in Resources */,
				8A9EF25820F34C6300188E69 /* Main.storyboard in Resources */,
				8A1DDBFC2105FF9D00657C10 /* icon_movie.png in Resources */,
				8AF9ACB62110AF8100C42B03 /* icon_movie_tabbar.png in Resources */,
			);
			runOnlyForDeploymentPostprocessing = 0;
		};
/* End PBXResourcesBuildPhase section */

/* Begin PBXShellScriptBuildPhase section */
		385E0A1C1F993F8FC3E40A15 /* [CP] Check Pods Manifest.lock */ = {
			isa = PBXShellScriptBuildPhase;
			buildActionMask = 2147483647;
			files = (
			);
			inputPaths = (
				"${PODS_PODFILE_DIR_PATH}/Podfile.lock",
				"${PODS_ROOT}/Manifest.lock",
			);
			name = "[CP] Check Pods Manifest.lock";
			outputPaths = (
				"$(DERIVED_FILE_DIR)/Pods-TheMovieHunter-checkManifestLockResult.txt",
			);
			runOnlyForDeploymentPostprocessing = 0;
			shellPath = /bin/sh;
			shellScript = "diff \"${PODS_PODFILE_DIR_PATH}/Podfile.lock\" \"${PODS_ROOT}/Manifest.lock\" > /dev/null\nif [ $? != 0 ] ; then\n    # print error to STDERR\n    echo \"error: The sandbox is not in sync with the Podfile.lock. Run 'pod install' or update your CocoaPods installation.\" >&2\n    exit 1\nfi\n# This output is used by Xcode 'outputs' to avoid re-running this script phase.\necho \"SUCCESS\" > \"${SCRIPT_OUTPUT_FILE_0}\"\n";
			showEnvVarsInLog = 0;
		};
		8A1DDBED2101E12900657C10 /* ShellScript */ = {
			isa = PBXShellScriptBuildPhase;
			buildActionMask = 12;
			files = (
			);
			inputPaths = (
			);
			outputPaths = (
			);
			runOnlyForDeploymentPostprocessing = 0;
			shellPath = /bin/sh;
			shellScript = "\"${PODS_ROOT}/Fabric/run\" 7219e9ed35f3e7499f29a3bdf7626f329faf548b 388ea4330712361f45cc3f21acfbab7fdc1beeba796f351bf1a8b32c215afddf";
		};
		B1CFC02C0BCEE8AD41ED11C6 /* [CP] Embed Pods Frameworks */ = {
			isa = PBXShellScriptBuildPhase;
			buildActionMask = 2147483647;
			files = (
			);
			inputPaths = (
				"${SRCROOT}/Pods/Target Support Files/Pods-TheMovieHunter/Pods-TheMovieHunter-frameworks.sh",
				"${BUILT_PRODUCTS_DIR}/Alamofire/Alamofire.framework",
				"${BUILT_PRODUCTS_DIR}/AlamofireImage/AlamofireImage.framework",
				"${BUILT_PRODUCTS_DIR}/Realm/Realm.framework",
				"${BUILT_PRODUCTS_DIR}/RealmSwift/RealmSwift.framework",
				"${BUILT_PRODUCTS_DIR}/SwiftyJSON/SwiftyJSON.framework",
			);
			name = "[CP] Embed Pods Frameworks";
			outputPaths = (
				"${TARGET_BUILD_DIR}/${FRAMEWORKS_FOLDER_PATH}/Alamofire.framework",
				"${TARGET_BUILD_DIR}/${FRAMEWORKS_FOLDER_PATH}/AlamofireImage.framework",
				"${TARGET_BUILD_DIR}/${FRAMEWORKS_FOLDER_PATH}/Realm.framework",
				"${TARGET_BUILD_DIR}/${FRAMEWORKS_FOLDER_PATH}/RealmSwift.framework",
				"${TARGET_BUILD_DIR}/${FRAMEWORKS_FOLDER_PATH}/SwiftyJSON.framework",
			);
			runOnlyForDeploymentPostprocessing = 0;
			shellPath = /bin/sh;
			shellScript = "\"${SRCROOT}/Pods/Target Support Files/Pods-TheMovieHunter/Pods-TheMovieHunter-frameworks.sh\"\n";
			showEnvVarsInLog = 0;
		};
/* End PBXShellScriptBuildPhase section */

/* Begin PBXSourcesBuildPhase section */
		8A9EF24B20F34C6300188E69 /* Sources */ = {
			isa = PBXSourcesBuildPhase;
			buildActionMask = 2147483647;
			files = (
				8A9EF27520F3531100188E69 /* MovieTableViewController.swift in Sources */,
				8AF9ACAA210B966200C42B03 /* GenresControl1.swift in Sources */,
				8A49309C20FE1E4E007E1E46 /* TheMovieHunter.xcdatamodeld in Sources */,
				8A225A1A20F6132B008D027D /* MoviesJson.swift in Sources */,
				8AF9ACA62109F59F00C42B03 /* GenresControl.swift in Sources */,
				8AF9ACA8210B54D500C42B03 /* SearchSettingsControl1.swift in Sources */,
				8A9EF27320F34F0E00188E69 /* MovieTableViewCell.swift in Sources */,
				8A9EF25520F34C6300188E69 /* MovieViewController.swift in Sources */,
				8A49306F20FC8BCF007E1E46 /* LoadingAlert.swift in Sources */,
				8A225A1B20F6132B008D027D /* MovieResults.swift in Sources */,
				8A1DDC202107524100657C10 /* SearchSettingsControl.swift in Sources */,
				8A9EF26920F34DD500188E69 /* RealmManager.swift in Sources */,
				8A4930A82100ABAD007E1E46 /* UrlManager.swift in Sources */,
				8A4930A620FF7981007E1E46 /* Utils.swift in Sources */,
				8AF9ACAE210F23D300C42B03 /* SearchSettingsViewController.swift in Sources */,
				8A4930A220FF31CB007E1E46 /* MovieGenre.swift in Sources */,
				8A4930A020FF2974007E1E46 /* GenresJson.swift in Sources */,
				8AF9ACB02110513600C42B03 /* GenreTableViewCell.swift in Sources */,
				8A9EF25320F34C6300188E69 /* AppDelegate.swift in Sources */,
				8A49306D20F8C193007E1E46 /* VoteControl.swift in Sources */,
				8A4930A420FF5126007E1E46 /* CoreDataManager.swift in Sources */,
				8A49306B20F8A99B007E1E46 /* Constants.swift in Sources */,
			);
			runOnlyForDeploymentPostprocessing = 0;
		};
/* End PBXSourcesBuildPhase section */

/* Begin PBXVariantGroup section */
		8A4930AB2100C2BC007E1E46 /* Localizable.strings */ = {
			isa = PBXVariantGroup;
			children = (
				8A4930AC2100C2BC007E1E46 /* en */,
				8A4930B02100C442007E1E46 /* fr */,
			);
			name = Localizable.strings;
			sourceTree = "<group>";
		};
		8A9EF25620F34C6300188E69 /* Main.storyboard */ = {
			isa = PBXVariantGroup;
			children = (
				8A9EF25720F34C6300188E69 /* Base */,
				8A4930AA2100BB69007E1E46 /* en */,
				8A4930AE2100C441007E1E46 /* fr */,
			);
			name = Main.storyboard;
			sourceTree = "<group>";
		};
		8A9EF25B20F34C6400188E69 /* LaunchScreen.storyboard */ = {
			isa = PBXVariantGroup;
			children = (
				8A9EF25C20F34C6400188E69 /* Base */,
				8A4930AF2100C441007E1E46 /* fr */,
			);
			name = LaunchScreen.storyboard;
			sourceTree = "<group>";
		};
/* End PBXVariantGroup section */

/* Begin XCBuildConfiguration section */
		8A9EF25F20F34C6400188E69 /* Debug */ = {
			isa = XCBuildConfiguration;
			buildSettings = {
				ALWAYS_SEARCH_USER_PATHS = NO;
				CLANG_ANALYZER_LOCALIZABILITY_NONLOCALIZED = YES;
				CLANG_ANALYZER_NONNULL = YES;
				CLANG_ANALYZER_NUMBER_OBJECT_CONVERSION = YES_AGGRESSIVE;
				CLANG_CXX_LANGUAGE_STANDARD = "gnu++14";
				CLANG_CXX_LIBRARY = "libc++";
				CLANG_ENABLE_MODULES = YES;
				CLANG_ENABLE_OBJC_ARC = YES;
				CLANG_ENABLE_OBJC_WEAK = YES;
				CLANG_WARN_BLOCK_CAPTURE_AUTORELEASING = YES;
				CLANG_WARN_BOOL_CONVERSION = YES;
				CLANG_WARN_COMMA = YES;
				CLANG_WARN_CONSTANT_CONVERSION = YES;
				CLANG_WARN_DEPRECATED_OBJC_IMPLEMENTATIONS = YES;
				CLANG_WARN_DIRECT_OBJC_ISA_USAGE = YES_ERROR;
				CLANG_WARN_DOCUMENTATION_COMMENTS = YES;
				CLANG_WARN_EMPTY_BODY = YES;
				CLANG_WARN_ENUM_CONVERSION = YES;
				CLANG_WARN_INFINITE_RECURSION = YES;
				CLANG_WARN_INT_CONVERSION = YES;
				CLANG_WARN_NON_LITERAL_NULL_CONVERSION = YES;
				CLANG_WARN_OBJC_IMPLICIT_RETAIN_SELF = YES;
				CLANG_WARN_OBJC_LITERAL_CONVERSION = YES;
				CLANG_WARN_OBJC_ROOT_CLASS = YES_ERROR;
				CLANG_WARN_RANGE_LOOP_ANALYSIS = YES;
				CLANG_WARN_STRICT_PROTOTYPES = YES;
				CLANG_WARN_SUSPICIOUS_MOVE = YES;
				CLANG_WARN_UNGUARDED_AVAILABILITY = YES_AGGRESSIVE;
				CLANG_WARN_UNREACHABLE_CODE = YES;
				CLANG_WARN__DUPLICATE_METHOD_MATCH = YES;
				CODE_SIGN_IDENTITY = "iPhone Developer";
				COPY_PHASE_STRIP = NO;
				DEBUG_INFORMATION_FORMAT = dwarf;
				ENABLE_STRICT_OBJC_MSGSEND = YES;
				ENABLE_TESTABILITY = YES;
				GCC_C_LANGUAGE_STANDARD = gnu11;
				GCC_DYNAMIC_NO_PIC = NO;
				GCC_NO_COMMON_BLOCKS = YES;
				GCC_OPTIMIZATION_LEVEL = 0;
				GCC_PREPROCESSOR_DEFINITIONS = (
					"DEBUG=1",
					"$(inherited)",
				);
				GCC_WARN_64_TO_32_BIT_CONVERSION = YES;
				GCC_WARN_ABOUT_RETURN_TYPE = YES_ERROR;
				GCC_WARN_UNDECLARED_SELECTOR = YES;
				GCC_WARN_UNINITIALIZED_AUTOS = YES_AGGRESSIVE;
				GCC_WARN_UNUSED_FUNCTION = YES;
				GCC_WARN_UNUSED_VARIABLE = YES;
				IPHONEOS_DEPLOYMENT_TARGET = 11.4;
				MTL_ENABLE_DEBUG_INFO = YES;
				ONLY_ACTIVE_ARCH = YES;
				SDKROOT = iphoneos;
				SWIFT_ACTIVE_COMPILATION_CONDITIONS = DEBUG;
				SWIFT_OPTIMIZATION_LEVEL = "-Onone";
			};
			name = Debug;
		};
		8A9EF26020F34C6400188E69 /* Release */ = {
			isa = XCBuildConfiguration;
			buildSettings = {
				ALWAYS_SEARCH_USER_PATHS = NO;
				CLANG_ANALYZER_LOCALIZABILITY_NONLOCALIZED = YES;
				CLANG_ANALYZER_NONNULL = YES;
				CLANG_ANALYZER_NUMBER_OBJECT_CONVERSION = YES_AGGRESSIVE;
				CLANG_CXX_LANGUAGE_STANDARD = "gnu++14";
				CLANG_CXX_LIBRARY = "libc++";
				CLANG_ENABLE_MODULES = YES;
				CLANG_ENABLE_OBJC_ARC = YES;
				CLANG_ENABLE_OBJC_WEAK = YES;
				CLANG_WARN_BLOCK_CAPTURE_AUTORELEASING = YES;
				CLANG_WARN_BOOL_CONVERSION = YES;
				CLANG_WARN_COMMA = YES;
				CLANG_WARN_CONSTANT_CONVERSION = YES;
				CLANG_WARN_DEPRECATED_OBJC_IMPLEMENTATIONS = YES;
				CLANG_WARN_DIRECT_OBJC_ISA_USAGE = YES_ERROR;
				CLANG_WARN_DOCUMENTATION_COMMENTS = YES;
				CLANG_WARN_EMPTY_BODY = YES;
				CLANG_WARN_ENUM_CONVERSION = YES;
				CLANG_WARN_INFINITE_RECURSION = YES;
				CLANG_WARN_INT_CONVERSION = YES;
				CLANG_WARN_NON_LITERAL_NULL_CONVERSION = YES;
				CLANG_WARN_OBJC_IMPLICIT_RETAIN_SELF = YES;
				CLANG_WARN_OBJC_LITERAL_CONVERSION = YES;
				CLANG_WARN_OBJC_ROOT_CLASS = YES_ERROR;
				CLANG_WARN_RANGE_LOOP_ANALYSIS = YES;
				CLANG_WARN_STRICT_PROTOTYPES = YES;
				CLANG_WARN_SUSPICIOUS_MOVE = YES;
				CLANG_WARN_UNGUARDED_AVAILABILITY = YES_AGGRESSIVE;
				CLANG_WARN_UNREACHABLE_CODE = YES;
				CLANG_WARN__DUPLICATE_METHOD_MATCH = YES;
				CODE_SIGN_IDENTITY = "iPhone Developer";
				COPY_PHASE_STRIP = NO;
				DEBUG_INFORMATION_FORMAT = "dwarf-with-dsym";
				ENABLE_NS_ASSERTIONS = NO;
				ENABLE_STRICT_OBJC_MSGSEND = YES;
				GCC_C_LANGUAGE_STANDARD = gnu11;
				GCC_NO_COMMON_BLOCKS = YES;
				GCC_WARN_64_TO_32_BIT_CONVERSION = YES;
				GCC_WARN_ABOUT_RETURN_TYPE = YES_ERROR;
				GCC_WARN_UNDECLARED_SELECTOR = YES;
				GCC_WARN_UNINITIALIZED_AUTOS = YES_AGGRESSIVE;
				GCC_WARN_UNUSED_FUNCTION = YES;
				GCC_WARN_UNUSED_VARIABLE = YES;
				IPHONEOS_DEPLOYMENT_TARGET = 11.4;
				MTL_ENABLE_DEBUG_INFO = NO;
				SDKROOT = iphoneos;
				SWIFT_COMPILATION_MODE = wholemodule;
				SWIFT_OPTIMIZATION_LEVEL = "-O";
				VALIDATE_PRODUCT = YES;
			};
			name = Release;
		};
		8A9EF26220F34C6400188E69 /* Debug */ = {
			isa = XCBuildConfiguration;
			baseConfigurationReference = 81538CDFED7591E172EDA10D /* Pods-TheMovieHunter.debug.xcconfig */;
			buildSettings = {
				ASSETCATALOG_COMPILER_APPICON_NAME = AppIcon;
				CODE_SIGN_STYLE = Automatic;
				INFOPLIST_FILE = TheMovieHunter/Info.plist;
				LD_RUNPATH_SEARCH_PATHS = (
					"$(inherited)",
					"@executable_path/Frameworks",
				);
				PRODUCT_BUNDLE_IDENTIFIER = me.TheMovieHunter;
				PRODUCT_NAME = "$(TARGET_NAME)";
				SWIFT_VERSION = 4.0;
				TARGETED_DEVICE_FAMILY = "1,2";
			};
			name = Debug;
		};
		8A9EF26320F34C6400188E69 /* Release */ = {
			isa = XCBuildConfiguration;
			baseConfigurationReference = FFB491E79C592BA978496EE9 /* Pods-TheMovieHunter.release.xcconfig */;
			buildSettings = {
				ASSETCATALOG_COMPILER_APPICON_NAME = AppIcon;
				CODE_SIGN_STYLE = Automatic;
				INFOPLIST_FILE = TheMovieHunter/Info.plist;
				LD_RUNPATH_SEARCH_PATHS = (
					"$(inherited)",
					"@executable_path/Frameworks",
				);
				PRODUCT_BUNDLE_IDENTIFIER = me.TheMovieHunter;
				PRODUCT_NAME = "$(TARGET_NAME)";
				SWIFT_VERSION = 4.0;
				TARGETED_DEVICE_FAMILY = "1,2";
			};
			name = Release;
		};
/* End XCBuildConfiguration section */

/* Begin XCConfigurationList section */
		8A9EF24A20F34C6300188E69 /* Build configuration list for PBXProject "TheMovieHunter" */ = {
			isa = XCConfigurationList;
			buildConfigurations = (
				8A9EF25F20F34C6400188E69 /* Debug */,
				8A9EF26020F34C6400188E69 /* Release */,
			);
			defaultConfigurationIsVisible = 0;
			defaultConfigurationName = Release;
		};
		8A9EF26120F34C6400188E69 /* Build configuration list for PBXNativeTarget "TheMovieHunter" */ = {
			isa = XCConfigurationList;
			buildConfigurations = (
				8A9EF26220F34C6400188E69 /* Debug */,
				8A9EF26320F34C6400188E69 /* Release */,
			);
			defaultConfigurationIsVisible = 0;
			defaultConfigurationName = Release;
		};
/* End XCConfigurationList section */

/* Begin XCVersionGroup section */
		8A49309A20FE1E4E007E1E46 /* TheMovieHunter.xcdatamodeld */ = {
			isa = XCVersionGroup;
			children = (
				8A49309B20FE1E4E007E1E46 /* TheMovieHunter.xcdatamodel */,
			);
			currentVersion = 8A49309B20FE1E4E007E1E46 /* TheMovieHunter.xcdatamodel */;
			path = TheMovieHunter.xcdatamodeld;
			sourceTree = "<group>";
			versionGroupType = wrapper.xcdatamodel;
		};
/* End XCVersionGroup section */
	};
	rootObject = 8A9EF24720F34C6300188E69 /* Project object */;
}
